<?xml version="1.0" encoding="utf-8"?>
<Project ToolsVersion="4.0" xmlns="http://schemas.microsoft.com/developer/msbuild/2003">
  <ItemGroup>
    <Filter Include="Source Files">
      <UniqueIdentifier>{4FC737F1-C7A5-4376-A066-2A32D752A2FF}</UniqueIdentifier>
      <Extensions>cpp;c;cc;cxx;def;odl;idl;hpj;bat;asm;asmx</Extensions>
    </Filter>
    <Filter Include="Header Files">
      <UniqueIdentifier>{93995380-89BD-4b04-88EB-625FBE52EBFB}</UniqueIdentifier>
      <Extensions>h;hh;hpp;hxx;hm;inl;inc;xsd</Extensions>
    </Filter>
    <Filter Include="Resource Files">
      <UniqueIdentifier>{67DA6AB6-F800-4c08-8B7A-83BB121AAD01}</UniqueIdentifier>
      <Extensions>rc;ico;cur;bmp;dlg;rc2;rct;bin;rgs;gif;jpg;jpeg;jpe;resx;tiff;tif;png;wav</Extensions>
    </Filter>
  </ItemGroup>
  <ItemGroup>
    <ClCompile Include="src\main.cpp">
      <Filter>Source Files</Filter>
    </ClCompile>
  </ItemGroup>
  <ItemGroup>
    <ClInclude Include="include\api.h">
      <Filter>Header Files</Filter>
    </ClInclude>
    <ClInclude Include="include\main.h">
      <Filter>Header Files</Filter>
    </ClInclude>
    <ClInclude Include="include\display\lvgl.h">
      <Filter>Header Files</Filter>
    </ClInclude>
    <ClInclude Include="include\display\lv_conf.h">
      <Filter>Header Files</Filter>
    </ClInclude>
    <ClInclude Include="include\display\lv_conf_checker.h">
      <Filter>Header Files</Filter>
    </ClInclude>
    <ClInclude Include="include\display\lv_version.h">
      <Filter>Header Files</Filter>
    </ClInclude>
    <ClInclude Include="include\display\lv_core\lv_group.h">
      <Filter>Header Files</Filter>
    </ClInclude>
    <ClInclude Include="include\display\lv_core\lv_indev.h">
      <Filter>Header Files</Filter>
    </ClInclude>
    <ClInclude Include="include\display\lv_core\lv_lang.h">
      <Filter>Header Files</Filter>
    </ClInclude>
    <ClInclude Include="include\display\lv_core\lv_obj.h">
      <Filter>Header Files</Filter>
    </ClInclude>
    <ClInclude Include="include\display\lv_core\lv_refr.h">
      <Filter>Header Files</Filter>
    </ClInclude>
    <ClInclude Include="include\display\lv_core\lv_style.h">
      <Filter>Header Files</Filter>
    </ClInclude>
    <ClInclude Include="include\display\lv_core\lv_vdb.h">
      <Filter>Header Files</Filter>
    </ClInclude>
    <ClInclude Include="include\display\lv_draw\lv_draw.h">
      <Filter>Header Files</Filter>
    </ClInclude>
    <ClInclude Include="include\display\lv_draw\lv_draw_arc.h">
      <Filter>Header Files</Filter>
    </ClInclude>
    <ClInclude Include="include\display\lv_draw\lv_draw_img.h">
      <Filter>Header Files</Filter>
    </ClInclude>
    <ClInclude Include="include\display\lv_draw\lv_draw_label.h">
      <Filter>Header Files</Filter>
    </ClInclude>
    <ClInclude Include="include\display\lv_draw\lv_draw_line.h">
      <Filter>Header Files</Filter>
    </ClInclude>
    <ClInclude Include="include\display\lv_draw\lv_draw_rbasic.h">
      <Filter>Header Files</Filter>
    </ClInclude>
    <ClInclude Include="include\display\lv_draw\lv_draw_rect.h">
      <Filter>Header Files</Filter>
    </ClInclude>
    <ClInclude Include="include\display\lv_draw\lv_draw_triangle.h">
      <Filter>Header Files</Filter>
    </ClInclude>
    <ClInclude Include="include\display\lv_draw\lv_draw_vbasic.h">
      <Filter>Header Files</Filter>
    </ClInclude>
    <ClInclude Include="include\display\lv_fonts\lv_font_builtin.h">
      <Filter>Header Files</Filter>
    </ClInclude>
    <ClInclude Include="include\display\lv_hal\lv_hal.h">
      <Filter>Header Files</Filter>
    </ClInclude>
    <ClInclude Include="include\display\lv_hal\lv_hal_disp.h">
      <Filter>Header Files</Filter>
    </ClInclude>
    <ClInclude Include="include\display\lv_hal\lv_hal_indev.h">
      <Filter>Header Files</Filter>
    </ClInclude>
    <ClInclude Include="include\display\lv_hal\lv_hal_tick.h">
      <Filter>Header Files</Filter>
    </ClInclude>
    <ClInclude Include="include\display\lv_misc\lv_anim.h">
      <Filter>Header Files</Filter>
    </ClInclude>
    <ClInclude Include="include\display\lv_misc\lv_area.h">
      <Filter>Header Files</Filter>
    </ClInclude>
    <ClInclude Include="include\display\lv_misc\lv_circ.h">
      <Filter>Header Files</Filter>
    </ClInclude>
    <ClInclude Include="include\display\lv_misc\lv_color.h">
      <Filter>Header Files</Filter>
    </ClInclude>
    <ClInclude Include="include\display\lv_misc\lv_font.h">
      <Filter>Header Files</Filter>
    </ClInclude>
    <ClInclude Include="include\display\lv_misc\lv_fs.h">
      <Filter>Header Files</Filter>
    </ClInclude>
    <ClInclude Include="include\display\lv_misc\lv_gc.h">
      <Filter>Header Files</Filter>
    </ClInclude>
    <ClInclude Include="include\display\lv_misc\lv_ll.h">
      <Filter>Header Files</Filter>
    </ClInclude>
    <ClInclude Include="include\display\lv_misc\lv_log.h">
      <Filter>Header Files</Filter>
    </ClInclude>
    <ClInclude Include="include\display\lv_misc\lv_math.h">
      <Filter>Header Files</Filter>
    </ClInclude>
    <ClInclude Include="include\display\lv_misc\lv_mem.h">
      <Filter>Header Files</Filter>
    </ClInclude>
    <ClInclude Include="include\display\lv_misc\lv_symbol_def.h">
      <Filter>Header Files</Filter>
    </ClInclude>
    <ClInclude Include="include\display\lv_misc\lv_task.h">
      <Filter>Header Files</Filter>
    </ClInclude>
    <ClInclude Include="include\display\lv_misc\lv_templ.h">
      <Filter>Header Files</Filter>
    </ClInclude>
    <ClInclude Include="include\display\lv_misc\lv_txt.h">
      <Filter>Header Files</Filter>
    </ClInclude>
    <ClInclude Include="include\display\lv_misc\lv_ufs.h">
      <Filter>Header Files</Filter>
    </ClInclude>
    <ClInclude Include="include\display\lv_objx\lv_arc.h">
      <Filter>Header Files</Filter>
    </ClInclude>
    <ClInclude Include="include\display\lv_objx\lv_bar.h">
      <Filter>Header Files</Filter>
    </ClInclude>
    <ClInclude Include="include\display\lv_objx\lv_btn.h">
      <Filter>Header Files</Filter>
    </ClInclude>
    <ClInclude Include="include\display\lv_objx\lv_btnm.h">
      <Filter>Header Files</Filter>
    </ClInclude>
    <ClInclude Include="include\display\lv_objx\lv_calendar.h">
      <Filter>Header Files</Filter>
    </ClInclude>
    <ClInclude Include="include\display\lv_objx\lv_canvas.h">
      <Filter>Header Files</Filter>
    </ClInclude>
    <ClInclude Include="include\display\lv_objx\lv_cb.h">
      <Filter>Header Files</Filter>
    </ClInclude>
    <ClInclude Include="include\display\lv_objx\lv_chart.h">
      <Filter>Header Files</Filter>
    </ClInclude>
    <ClInclude Include="include\display\lv_objx\lv_cont.h">
      <Filter>Header Files</Filter>
    </ClInclude>
    <ClInclude Include="include\display\lv_objx\lv_ddlist.h">
      <Filter>Header Files</Filter>
    </ClInclude>
    <ClInclude Include="include\display\lv_objx\lv_gauge.h">
      <Filter>Header Files</Filter>
    </ClInclude>
    <ClInclude Include="include\display\lv_objx\lv_img.h">
      <Filter>Header Files</Filter>
    </ClInclude>
    <ClInclude Include="include\display\lv_objx\lv_imgbtn.h">
      <Filter>Header Files</Filter>
    </ClInclude>
    <ClInclude Include="include\display\lv_objx\lv_kb.h">
      <Filter>Header Files</Filter>
    </ClInclude>
    <ClInclude Include="include\display\lv_objx\lv_label.h">
      <Filter>Header Files</Filter>
    </ClInclude>
    <ClInclude Include="include\display\lv_objx\lv_led.h">
      <Filter>Header Files</Filter>
    </ClInclude>
    <ClInclude Include="include\display\lv_objx\lv_line.h">
      <Filter>Header Files</Filter>
    </ClInclude>
    <ClInclude Include="include\display\lv_objx\lv_list.h">
      <Filter>Header Files</Filter>
    </ClInclude>
    <ClInclude Include="include\display\lv_objx\lv_lmeter.h">
      <Filter>Header Files</Filter>
    </ClInclude>
    <ClInclude Include="include\display\lv_objx\lv_mbox.h">
      <Filter>Header Files</Filter>
    </ClInclude>
    <ClInclude Include="include\display\lv_objx\lv_objx_templ.h">
      <Filter>Header Files</Filter>
    </ClInclude>
    <ClInclude Include="include\display\lv_objx\lv_page.h">
      <Filter>Header Files</Filter>
    </ClInclude>
    <ClInclude Include="include\display\lv_objx\lv_preload.h">
      <Filter>Header Files</Filter>
    </ClInclude>
    <ClInclude Include="include\display\lv_objx\lv_roller.h">
      <Filter>Header Files</Filter>
    </ClInclude>
    <ClInclude Include="include\display\lv_objx\lv_slider.h">
      <Filter>Header Files</Filter>
    </ClInclude>
    <ClInclude Include="include\display\lv_objx\lv_spinbox.h">
      <Filter>Header Files</Filter>
    </ClInclude>
    <ClInclude Include="include\display\lv_objx\lv_sw.h">
      <Filter>Header Files</Filter>
    </ClInclude>
    <ClInclude Include="include\display\lv_objx\lv_ta.h">
      <Filter>Header Files</Filter>
    </ClInclude>
    <ClInclude Include="include\display\lv_objx\lv_table.h">
      <Filter>Header Files</Filter>
    </ClInclude>
    <ClInclude Include="include\display\lv_objx\lv_tabview.h">
      <Filter>Header Files</Filter>
    </ClInclude>
    <ClInclude Include="include\display\lv_objx\lv_tileview.h">
      <Filter>Header Files</Filter>
    </ClInclude>
    <ClInclude Include="include\display\lv_objx\lv_win.h">
      <Filter>Header Files</Filter>
    </ClInclude>
    <ClInclude Include="include\display\lv_themes\lv_theme.h">
      <Filter>Header Files</Filter>
    </ClInclude>
    <ClInclude Include="include\display\lv_themes\lv_theme_alien.h">
      <Filter>Header Files</Filter>
    </ClInclude>
    <ClInclude Include="include\display\lv_themes\lv_theme_default.h">
      <Filter>Header Files</Filter>
    </ClInclude>
    <ClInclude Include="include\display\lv_themes\lv_theme_material.h">
      <Filter>Header Files</Filter>
    </ClInclude>
    <ClInclude Include="include\display\lv_themes\lv_theme_mono.h">
      <Filter>Header Files</Filter>
    </ClInclude>
    <ClInclude Include="include\display\lv_themes\lv_theme_nemo.h">
      <Filter>Header Files</Filter>
    </ClInclude>
    <ClInclude Include="include\display\lv_themes\lv_theme_night.h">
      <Filter>Header Files</Filter>
    </ClInclude>
    <ClInclude Include="include\display\lv_themes\lv_theme_templ.h">
      <Filter>Header Files</Filter>
    </ClInclude>
    <ClInclude Include="include\display\lv_themes\lv_theme_zen.h">
      <Filter>Header Files</Filter>
    </ClInclude>
    <ClInclude Include="include\pros\adi.h">
      <Filter>Header Files</Filter>
    </ClInclude>
    <ClInclude Include="include\pros\apix.h">
      <Filter>Header Files</Filter>
    </ClInclude>
    <ClInclude Include="include\pros\api_legacy.h">
      <Filter>Header Files</Filter>
    </ClInclude>
    <ClInclude Include="include\pros\colors.h">
      <Filter>Header Files</Filter>
    </ClInclude>
    <ClInclude Include="include\pros\imu.h">
      <Filter>Header Files</Filter>
    </ClInclude>
    <ClInclude Include="include\pros\llemu.h">
      <Filter>Header Files</Filter>
    </ClInclude>
    <ClInclude Include="include\pros\misc.h">
      <Filter>Header Files</Filter>
    </ClInclude>
    <ClInclude Include="include\pros\motors.h">
      <Filter>Header Files</Filter>
    </ClInclude>
    <ClInclude Include="include\pros\rtos.h">
      <Filter>Header Files</Filter>
    </ClInclude>
    <ClInclude Include="include\pros\serial.h">
      <Filter>Header Files</Filter>
    </ClInclude>
    <ClInclude Include="include\pros\vision.h">
      <Filter>Header Files</Filter>
    </ClInclude>
    <ClInclude Include="include\pros\adi.hpp">
      <Filter>Header Files</Filter>
    </ClInclude>
    <ClInclude Include="include\pros\imu.hpp">
      <Filter>Header Files</Filter>
    </ClInclude>
    <ClInclude Include="include\pros\llemu.hpp">
      <Filter>Header Files</Filter>
    </ClInclude>
    <ClInclude Include="include\pros\misc.hpp">
      <Filter>Header Files</Filter>
    </ClInclude>
    <ClInclude Include="include\pros\motors.hpp">
      <Filter>Header Files</Filter>
    </ClInclude>
    <ClInclude Include="include\pros\rtos.hpp">
      <Filter>Header Files</Filter>
    </ClInclude>
    <ClInclude Include="include\pros\serial.hpp">
      <Filter>Header Files</Filter>
    </ClInclude>
    <ClInclude Include="include\pros\vision.hpp">
      <Filter>Header Files</Filter>
    </ClInclude>
  </ItemGroup>
  <ItemGroup>
    <Text Include="CMakeLists.txt" />
    <Text Include="include\display\licence.txt" />
  </ItemGroup>
</Project>